
Microsoft Visual Studio Solution File, Format Version 12.00
# Visual Studio 15
VisualStudioVersion = 15.0.25807.0
MinimumVisualStudioVersion = 10.0.40219.1
Project("{2150E333-8FDC-42A3-9474-1A3956D46DE8}") = "Engine", "Engine", "{782AE17D-D046-466E-8215-129790E84768}"
EndProject
Project("{2150E333-8FDC-42A3-9474-1A3956D46DE8}") = "Games", "Games", "{65E8BBB5-0813-4F20-A8BC-69D4E978AA07}"
EndProject
Project("{8BC9CEB8-8B4A-11D0-8D11-00A0C91BC942}") = "UE4", "Intermediate\ProjectFiles\UE4.vcxproj", "{7884C0B4-A9ED-4D20-BDD4-04DFA265E903}"
EndProject
Project("{8BC9CEB8-8B4A-11D0-8D11-00A0C91BC942}") = "BuildingEscape", "Intermediate\ProjectFiles\BuildingEscape.vcxproj", "{B675746C-A946-4079-A894-AD5D726EA1EF}"
EndProject
Global
	GlobalSection(SolutionConfigurationPlatforms) = preSolution
		DebugGame Editor|HTML5 = DebugGame Editor|HTML5
		DebugGame Editor|IOS = DebugGame Editor|IOS
		DebugGame Editor|Win32 = DebugGame Editor|Win32
		DebugGame Editor|Win64 = DebugGame Editor|Win64
		DebugGame|HTML5 = DebugGame|HTML5
		DebugGame|IOS = DebugGame|IOS
		DebugGame|Win32 = DebugGame|Win32
		DebugGame|Win64 = DebugGame|Win64
		Development Editor|HTML5 = Development Editor|HTML5
		Development Editor|IOS = Development Editor|IOS
		Development Editor|Win32 = Development Editor|Win32
		Development Editor|Win64 = Development Editor|Win64
		Development|HTML5 = Development|HTML5
		Development|IOS = Development|IOS
		Development|Win32 = Development|Win32
		Development|Win64 = Development|Win64
		Shipping|HTML5 = Shipping|HTML5
		Shipping|IOS = Shipping|IOS
		Shipping|Win32 = Shipping|Win32
		Shipping|Win64 = Shipping|Win64
	EndGlobalSection
	GlobalSection(ProjectConfigurationPlatforms) = postSolution
		{7884C0B4-A9ED-4D20-BDD4-04DFA265E903}.DebugGame Editor|HTML5.ActiveCfg = BuiltWithUnrealBuildTool|Win32
		{7884C0B4-A9ED-4D20-BDD4-04DFA265E903}.DebugGame Editor|HTML5.Build.0 = BuiltWithUnrealBuildTool|Win32
		{7884C0B4-A9ED-4D20-BDD4-04DFA265E903}.DebugGame Editor|IOS.ActiveCfg = BuiltWithUnrealBuildTool|Win32
		{7884C0B4-A9ED-4D20-BDD4-04DFA265E903}.DebugGame Editor|IOS.Build.0 = BuiltWithUnrealBuildTool|Win32
		{7884C0B4-A9ED-4D20-BDD4-04DFA265E903}.DebugGame Editor|Win32.ActiveCfg = BuiltWithUnrealBuildTool|Win32
		{7884C0B4-A9ED-4D20-BDD4-04DFA265E903}.DebugGame Editor|Win32.Build.0 = BuiltWithUnrealBuildTool|Win32
		{7884C0B4-A9ED-4D20-BDD4-04DFA265E903}.DebugGame Editor|Win64.ActiveCfg = BuiltWithUnrealBuildTool|Win32
		{7884C0B4-A9ED-4D20-BDD4-04DFA265E903}.DebugGame Editor|Win64.Build.0 = BuiltWithUnrealBuildTool|Win32
		{7884C0B4-A9ED-4D20-BDD4-04DFA265E903}.DebugGame|HTML5.ActiveCfg = BuiltWithUnrealBuildTool|Win32
		{7884C0B4-A9ED-4D20-BDD4-04DFA265E903}.DebugGame|HTML5.Build.0 = BuiltWithUnrealBuildTool|Win32
		{7884C0B4-A9ED-4D20-BDD4-04DFA265E903}.DebugGame|IOS.ActiveCfg = BuiltWithUnrealBuildTool|Win32
		{7884C0B4-A9ED-4D20-BDD4-04DFA265E903}.DebugGame|IOS.Build.0 = BuiltWithUnrealBuildTool|Win32
		{7884C0B4-A9ED-4D20-BDD4-04DFA265E903}.DebugGame|Win32.ActiveCfg = BuiltWithUnrealBuildTool|Win32
		{7884C0B4-A9ED-4D20-BDD4-04DFA265E903}.DebugGame|Win32.Build.0 = BuiltWithUnrealBuildTool|Win32
		{7884C0B4-A9ED-4D20-BDD4-04DFA265E903}.DebugGame|Win64.ActiveCfg = BuiltWithUnrealBuildTool|Win32
		{7884C0B4-A9ED-4D20-BDD4-04DFA265E903}.DebugGame|Win64.Build.0 = BuiltWithUnrealBuildTool|Win32
		{7884C0B4-A9ED-4D20-BDD4-04DFA265E903}.Development Editor|HTML5.ActiveCfg = BuiltWithUnrealBuildTool|Win32
		{7884C0B4-A9ED-4D20-BDD4-04DFA265E903}.Development Editor|HTML5.Build.0 = BuiltWithUnrealBuildTool|Win32
		{7884C0B4-A9ED-4D20-BDD4-04DFA265E903}.Development Editor|IOS.ActiveCfg = BuiltWithUnrealBuildTool|Win32
		{7884C0B4-A9ED-4D20-BDD4-04DFA265E903}.Development Editor|IOS.Build.0 = BuiltWithUnrealBuildTool|Win32
		{7884C0B4-A9ED-4D20-BDD4-04DFA265E903}.Development Editor|Win32.ActiveCfg = BuiltWithUnrealBuildTool|Win32
		{7884C0B4-A9ED-4D20-BDD4-04DFA265E903}.Development Editor|Win32.Build.0 = BuiltWithUnrealBuildTool|Win32
		{7884C0B4-A9ED-4D20-BDD4-04DFA265E903}.Development Editor|Win64.ActiveCfg = BuiltWithUnrealBuildTool|Win32
		{7884C0B4-A9ED-4D20-BDD4-04DFA265E903}.Development Editor|Win64.Build.0 = BuiltWithUnrealBuildTool|Win32
		{7884C0B4-A9ED-4D20-BDD4-04DFA265E903}.Development|HTML5.ActiveCfg = BuiltWithUnrealBuildTool|Win32
		{7884C0B4-A9ED-4D20-BDD4-04DFA265E903}.Development|HTML5.Build.0 = BuiltWithUnrealBuildTool|Win32
		{7884C0B4-A9ED-4D20-BDD4-04DFA265E903}.Development|IOS.ActiveCfg = BuiltWithUnrealBuildTool|Win32
		{7884C0B4-A9ED-4D20-BDD4-04DFA265E903}.Development|IOS.Build.0 = BuiltWithUnrealBuildTool|Win32
		{7884C0B4-A9ED-4D20-BDD4-04DFA265E903}.Development|Win32.ActiveCfg = BuiltWithUnrealBuildTool|Win32
		{7884C0B4-A9ED-4D20-BDD4-04DFA265E903}.Development|Win32.Build.0 = BuiltWithUnrealBuildTool|Win32
		{7884C0B4-A9ED-4D20-BDD4-04DFA265E903}.Development|Win64.ActiveCfg = BuiltWithUnrealBuildTool|Win32
		{7884C0B4-A9ED-4D20-BDD4-04DFA265E903}.Development|Win64.Build.0 = BuiltWithUnrealBuildTool|Win32
		{7884C0B4-A9ED-4D20-BDD4-04DFA265E903}.Shipping|HTML5.ActiveCfg = BuiltWithUnrealBuildTool|Win32
		{7884C0B4-A9ED-4D20-BDD4-04DFA265E903}.Shipping|HTML5.Build.0 = BuiltWithUnrealBuildTool|Win32
		{7884C0B4-A9ED-4D20-BDD4-04DFA265E903}.Shipping|IOS.ActiveCfg = BuiltWithUnrealBuildTool|Win32
		{7884C0B4-A9ED-4D20-BDD4-04DFA265E903}.Shipping|IOS.Build.0 = BuiltWithUnrealBuildTool|Win32
		{7884C0B4-A9ED-4D20-BDD4-04DFA265E903}.Shipping|Win32.ActiveCfg = BuiltWithUnrealBuildTool|Win32
		{7884C0B4-A9ED-4D20-BDD4-04DFA265E903}.Shipping|Win32.Build.0 = BuiltWithUnrealBuildTool|Win32
		{7884C0B4-A9ED-4D20-BDD4-04DFA265E903}.Shipping|Win64.ActiveCfg = BuiltWithUnrealBuildTool|Win32
		{7884C0B4-A9ED-4D20-BDD4-04DFA265E903}.Shipping|Win64.Build.0 = BuiltWithUnrealBuildTool|Win32
		{B675746C-A946-4079-A894-AD5D726EA1EF}.DebugGame Editor|HTML5.ActiveCfg = HTML5_DebugGame_Editor|Win32
		{B675746C-A946-4079-A894-AD5D726EA1EF}.DebugGame Editor|IOS.ActiveCfg = IOS_DebugGame_Editor|Win32
		{B675746C-A946-4079-A894-AD5D726EA1EF}.DebugGame Editor|Win32.ActiveCfg = DebugGame_Editor|Win32
		{B675746C-A946-4079-A894-AD5D726EA1EF}.DebugGame Editor|Win64.ActiveCfg = DebugGame_Editor|x64
		{B675746C-A946-4079-A894-AD5D726EA1EF}.DebugGame Editor|Win64.Build.0 = DebugGame_Editor|x64
		{B675746C-A946-4079-A894-AD5D726EA1EF}.DebugGame|HTML5.ActiveCfg = HTML5_DebugGame_Game|Win32
		{B675746C-A946-4079-A894-AD5D726EA1EF}.DebugGame|HTML5.Build.0 = HTML5_DebugGame_Game|Win32
		{B675746C-A946-4079-A894-AD5D726EA1EF}.DebugGame|IOS.ActiveCfg = IOS_DebugGame_Game|Win32
		{B675746C-A946-4079-A894-AD5D726EA1EF}.DebugGame|IOS.Build.0 = IOS_DebugGame_Game|Win32
		{B675746C-A946-4079-A894-AD5D726EA1EF}.DebugGame|Win32.ActiveCfg = DebugGame_Game|Win32
		{B675746C-A946-4079-A894-AD5D726EA1EF}.DebugGame|Win32.Build.0 = DebugGame_Game|Win32
		{B675746C-A946-4079-A894-AD5D726EA1EF}.DebugGame|Win64.ActiveCfg = DebugGame_Game|x64
		{B675746C-A946-4079-A894-AD5D726EA1EF}.DebugGame|Win64.Build.0 = DebugGame_Game|x64
		{B675746C-A946-4079-A894-AD5D726EA1EF}.Development Editor|HTML5.ActiveCfg = HTML5_Development_Editor|Win32
		{B675746C-A946-4079-A894-AD5D726EA1EF}.Development Editor|IOS.ActiveCfg = IOS_Development_Editor|Win32
		{B675746C-A946-4079-A894-AD5D726EA1EF}.Development Editor|Win32.ActiveCfg = Development_Editor|Win32
		{B675746C-A946-4079-A894-AD5D726EA1EF}.Development Editor|Win64.ActiveCfg = Development_Editor|x64
		{B675746C-A946-4079-A894-AD5D726EA1EF}.Development Editor|Win64.Build.0 = Development_Editor|x64
		{B675746C-A946-4079-A894-AD5D726EA1EF}.Development|HTML5.ActiveCfg = HTML5_Development_Game|Win32
		{B675746C-A946-4079-A894-AD5D726EA1EF}.Development|HTML5.Build.0 = HTML5_Development_Game|Win32
		{B675746C-A946-4079-A894-AD5D726EA1EF}.Development|IOS.ActiveCfg = IOS_Development_Game|Win32
		{B675746C-A946-4079-A894-AD5D726EA1EF}.Development|IOS.Build.0 = IOS_Development_Game|Win32
		{B675746C-A946-4079-A894-AD5D726EA1EF}.Development|Win32.ActiveCfg = Development_Game|Win32
		{B675746C-A946-4079-A894-AD5D726EA1EF}.Development|Win32.Build.0 = Development_Game|Win32
		{B675746C-A946-4079-A894-AD5D726EA1EF}.Development|Win64.ActiveCfg = Development_Game|x64
		{B675746C-A946-4079-A894-AD5D726EA1EF}.Development|Win64.Build.0 = Development_Game|x64
		{B675746C-A946-4079-A894-AD5D726EA1EF}.Shipping|HTML5.ActiveCfg = HTML5_Shipping_Game|Win32
		{B675746C-A946-4079-A894-AD5D726EA1EF}.Shipping|HTML5.Build.0 = HTML5_Shipping_Game|Win32
		{B675746C-A946-4079-A894-AD5D726EA1EF}.Shipping|IOS.ActiveCfg = IOS_Shipping_Game|Win32
		{B675746C-A946-4079-A894-AD5D726EA1EF}.Shipping|IOS.Build.0 = IOS_Shipping_Game|Win32
		{B675746C-A946-4079-A894-AD5D726EA1EF}.Shipping|Win32.ActiveCfg = Shipping_Game|Win32
		{B675746C-A946-4079-A894-AD5D726EA1EF}.Shipping|Win32.Build.0 = Shipping_Game|Win32
		{B675746C-A946-4079-A894-AD5D726EA1EF}.Shipping|Win64.ActiveCfg = Shipping_Game|x64
		{B675746C-A946-4079-A894-AD5D726EA1EF}.Shipping|Win64.Build.0 = Shipping_Game|x64
	EndGlobalSection
	GlobalSection(SolutionProperties) = preSolution
		HideSolutionNode = FALSE
	EndGlobalSection
	GlobalSection(NestedProjects) = preSolution
		{7884C0B4-A9ED-4D20-BDD4-04DFA265E903} = {782AE17D-D046-466E-8215-129790E84768}
		{B675746C-A946-4079-A894-AD5D726EA1EF} = {65E8BBB5-0813-4F20-A8BC-69D4E978AA07}
	EndGlobalSection
	GlobalSection(ExtensibilityGlobals) = postSolution
		SolutionGuid = {8095A876-E17D-4282-92A7-A7371F8DD224}
	EndGlobalSection
EndGlobal
